
Microsoft Visual Studio Solution File, Format Version 12.00
# Visual Studio Version 17
VisualStudioVersion = 17.2.32616.157
MinimumVisualStudioVersion = 10.0.40219.1
Project("{FAE04EC0-301F-11D3-BF4B-00C04F79EFBC}") = "lab 4", "lab 4.csproj", "{D7585BDA-4AE0-4217-822F-957535231091}"
EndProject
Global
	GlobalSection(SolutionConfigurationPlatforms) = preSolution
		Debug|Any CPU = Debug|Any CPU
		Release|Any CPU = Release|Any CPU
	EndGlobalSection
	GlobalSection(ProjectConfigurationPlatforms) = postSolution
		{D7585BDA-4AE0-4217-822F-957535231091}.Debug|Any CPU.ActiveCfg = Debug|Any CPU
		{D7585BDA-4AE0-4217-822F-957535231091}.Debug|Any CPU.Build.0 = Debug|Any CPU
		{D7585BDA-4AE0-4217-822F-957535231091}.Release|Any CPU.ActiveCfg = Release|Any CPU
		{D7585BDA-4AE0-4217-822F-957535231091}.Release|Any CPU.Build.0 = Release|Any CPU
	EndGlobalSection
	GlobalSection(SolutionProperties) = preSolution
		HideSolutionNode = FALSE
	EndGlobalSection
	GlobalSection(ExtensibilityGlobals) = postSolution
		SolutionGuid = {4DD44313-5B6A-4E5D-95E2-30D6FF5A873A}
	EndGlobalSection
EndGlobal
